
Microsoft Visual Studio Solution File, Format Version 11.00
# Visual Studio 2010
Project("{2150E333-8FDC-42A3-9474-1A3956D46DE8}") = "Silverlight", "Silverlight", "{331EDB1B-ABDE-4653-AAB9-E2D5ACEF21A6}"
EndProject
Project("{2150E333-8FDC-42A3-9474-1A3956D46DE8}") = "Examples", "Examples", "{C8E9D4D7-4473-4DF9-8754-F25AB3BA7848}"
EndProject
Project("{FAE04EC0-301F-11D3-BF4B-00C04F79EFBC}") = "Caliburn.Micro.Telerik", "Silverlight\Caliburn.Micro.Telerik\Caliburn.Micro.Telerik.csproj", "{8D3D9933-BD77-424D-BD81-843B7AAC3C56}"
EndProject
Project("{FAE04EC0-301F-11D3-BF4B-00C04F79EFBC}") = "Examples.Conventions", "Silverlight\Examples.Conventions\Examples.Conventions.csproj", "{C235CFFC-C85E-4068-BFC0-EBB40A8E95D5}"
EndProject
Project("{FAE04EC0-301F-11D3-BF4B-00C04F79EFBC}") = "Examples.TelerikWindowManager", "Silverlight\Examples.RadWindowManager\Examples.TelerikWindowManager.csproj", "{5B11C7E2-C0EA-42C2-9DE5-8C732DD5A0E4}"
EndProject
Project("{2150E333-8FDC-42A3-9474-1A3956D46DE8}") = "WPF", "WPF", "{CCCB4916-F055-4454-B433-11711048E9FE}"
EndProject
Project("{FAE04EC0-301F-11D3-BF4B-00C04F79EFBC}") = "Caliburn.Micro.Telerik", "WPF\Caliburn.Micro.Telerik\Caliburn.Micro.Telerik.csproj", "{CB1E2DDF-F1E2-4A73-AF64-AC48BAE2AD87}"
EndProject
Project("{2150E333-8FDC-42A3-9474-1A3956D46DE8}") = "Examples", "Examples", "{4C9A3B14-A1C2-4A7C-AD77-03DD944A8868}"
EndProject
Project("{FAE04EC0-301F-11D3-BF4B-00C04F79EFBC}") = "Examples.TelerikWindowManager", "WPF\Examples.RadWindowManager\Examples.TelerikWindowManager.csproj", "{2608697E-6464-4B5B-99A3-3234A6706EE2}"
EndProject
Project("{FAE04EC0-301F-11D3-BF4B-00C04F79EFBC}") = "Examples.Conventions", "WPF\Examples.Conventions\Examples.Conventions.csproj", "{B71973C8-7ECF-4521-9357-6838E3D296B6}"
EndProject
Global
	GlobalSection(SolutionConfigurationPlatforms) = preSolution
		Debug|Any CPU = Debug|Any CPU
		Debug|Mixed Platforms = Debug|Mixed Platforms
		Debug|x86 = Debug|x86
		Release|Any CPU = Release|Any CPU
		Release|Mixed Platforms = Release|Mixed Platforms
		Release|x86 = Release|x86
	EndGlobalSection
	GlobalSection(ProjectConfigurationPlatforms) = postSolution
		{8D3D9933-BD77-424D-BD81-843B7AAC3C56}.Debug|Any CPU.ActiveCfg = Debug|Any CPU
		{8D3D9933-BD77-424D-BD81-843B7AAC3C56}.Debug|Any CPU.Build.0 = Debug|Any CPU
		{8D3D9933-BD77-424D-BD81-843B7AAC3C56}.Debug|Mixed Platforms.ActiveCfg = Debug|Any CPU
		{8D3D9933-BD77-424D-BD81-843B7AAC3C56}.Debug|Mixed Platforms.Build.0 = Debug|Any CPU
		{8D3D9933-BD77-424D-BD81-843B7AAC3C56}.Debug|x86.ActiveCfg = Debug|Any CPU
		{8D3D9933-BD77-424D-BD81-843B7AAC3C56}.Release|Any CPU.ActiveCfg = Release|Any CPU
		{8D3D9933-BD77-424D-BD81-843B7AAC3C56}.Release|Any CPU.Build.0 = Release|Any CPU
		{8D3D9933-BD77-424D-BD81-843B7AAC3C56}.Release|Mixed Platforms.ActiveCfg = Release|Any CPU
		{8D3D9933-BD77-424D-BD81-843B7AAC3C56}.Release|Mixed Platforms.Build.0 = Release|Any CPU
		{8D3D9933-BD77-424D-BD81-843B7AAC3C56}.Release|x86.ActiveCfg = Release|Any CPU
		{C235CFFC-C85E-4068-BFC0-EBB40A8E95D5}.Debug|Any CPU.ActiveCfg = Debug|Any CPU
		{C235CFFC-C85E-4068-BFC0-EBB40A8E95D5}.Debug|Any CPU.Build.0 = Debug|Any CPU
		{C235CFFC-C85E-4068-BFC0-EBB40A8E95D5}.Debug|Mixed Platforms.ActiveCfg = Debug|Any CPU
		{C235CFFC-C85E-4068-BFC0-EBB40A8E95D5}.Debug|Mixed Platforms.Build.0 = Debug|Any CPU
		{C235CFFC-C85E-4068-BFC0-EBB40A8E95D5}.Debug|x86.ActiveCfg = Debug|Any CPU
		{C235CFFC-C85E-4068-BFC0-EBB40A8E95D5}.Release|Any CPU.ActiveCfg = Release|Any CPU
		{C235CFFC-C85E-4068-BFC0-EBB40A8E95D5}.Release|Any CPU.Build.0 = Release|Any CPU
		{C235CFFC-C85E-4068-BFC0-EBB40A8E95D5}.Release|Mixed Platforms.ActiveCfg = Release|Any CPU
		{C235CFFC-C85E-4068-BFC0-EBB40A8E95D5}.Release|Mixed Platforms.Build.0 = Release|Any CPU
		{C235CFFC-C85E-4068-BFC0-EBB40A8E95D5}.Release|x86.ActiveCfg = Release|Any CPU
		{5B11C7E2-C0EA-42C2-9DE5-8C732DD5A0E4}.Debug|Any CPU.ActiveCfg = Debug|Any CPU
		{5B11C7E2-C0EA-42C2-9DE5-8C732DD5A0E4}.Debug|Any CPU.Build.0 = Debug|Any CPU
		{5B11C7E2-C0EA-42C2-9DE5-8C732DD5A0E4}.Debug|Mixed Platforms.ActiveCfg = Debug|Any CPU
		{5B11C7E2-C0EA-42C2-9DE5-8C732DD5A0E4}.Debug|Mixed Platforms.Build.0 = Debug|Any CPU
		{5B11C7E2-C0EA-42C2-9DE5-8C732DD5A0E4}.Debug|x86.ActiveCfg = Debug|Any CPU
		{5B11C7E2-C0EA-42C2-9DE5-8C732DD5A0E4}.Release|Any CPU.ActiveCfg = Release|Any CPU
		{5B11C7E2-C0EA-42C2-9DE5-8C732DD5A0E4}.Release|Any CPU.Build.0 = Release|Any CPU
		{5B11C7E2-C0EA-42C2-9DE5-8C732DD5A0E4}.Release|Mixed Platforms.ActiveCfg = Release|Any CPU
		{5B11C7E2-C0EA-42C2-9DE5-8C732DD5A0E4}.Release|Mixed Platforms.Build.0 = Release|Any CPU
		{5B11C7E2-C0EA-42C2-9DE5-8C732DD5A0E4}.Release|x86.ActiveCfg = Release|Any CPU
		{CB1E2DDF-F1E2-4A73-AF64-AC48BAE2AD87}.Debug|Any CPU.ActiveCfg = Debug|Any CPU
		{CB1E2DDF-F1E2-4A73-AF64-AC48BAE2AD87}.Debug|Any CPU.Build.0 = Debug|Any CPU
		{CB1E2DDF-F1E2-4A73-AF64-AC48BAE2AD87}.Debug|Mixed Platforms.ActiveCfg = Debug|Any CPU
		{CB1E2DDF-F1E2-4A73-AF64-AC48BAE2AD87}.Debug|Mixed Platforms.Build.0 = Debug|Any CPU
		{CB1E2DDF-F1E2-4A73-AF64-AC48BAE2AD87}.Debug|x86.ActiveCfg = Debug|Any CPU
		{CB1E2DDF-F1E2-4A73-AF64-AC48BAE2AD87}.Release|Any CPU.ActiveCfg = Release|Any CPU
		{CB1E2DDF-F1E2-4A73-AF64-AC48BAE2AD87}.Release|Any CPU.Build.0 = Release|Any CPU
		{CB1E2DDF-F1E2-4A73-AF64-AC48BAE2AD87}.Release|Mixed Platforms.ActiveCfg = Release|Any CPU
		{CB1E2DDF-F1E2-4A73-AF64-AC48BAE2AD87}.Release|Mixed Platforms.Build.0 = Release|Any CPU
		{CB1E2DDF-F1E2-4A73-AF64-AC48BAE2AD87}.Release|x86.ActiveCfg = Release|Any CPU
		{2608697E-6464-4B5B-99A3-3234A6706EE2}.Debug|Any CPU.ActiveCfg = Debug|x86
		{2608697E-6464-4B5B-99A3-3234A6706EE2}.Debug|Mixed Platforms.ActiveCfg = Debug|x86
		{2608697E-6464-4B5B-99A3-3234A6706EE2}.Debug|Mixed Platforms.Build.0 = Debug|x86
		{2608697E-6464-4B5B-99A3-3234A6706EE2}.Debug|x86.ActiveCfg = Debug|x86
		{2608697E-6464-4B5B-99A3-3234A6706EE2}.Debug|x86.Build.0 = Debug|x86
		{2608697E-6464-4B5B-99A3-3234A6706EE2}.Release|Any CPU.ActiveCfg = Release|x86
		{2608697E-6464-4B5B-99A3-3234A6706EE2}.Release|Mixed Platforms.ActiveCfg = Release|x86
		{2608697E-6464-4B5B-99A3-3234A6706EE2}.Release|Mixed Platforms.Build.0 = Release|x86
		{2608697E-6464-4B5B-99A3-3234A6706EE2}.Release|x86.ActiveCfg = Release|x86
		{2608697E-6464-4B5B-99A3-3234A6706EE2}.Release|x86.Build.0 = Release|x86
		{B71973C8-7ECF-4521-9357-6838E3D296B6}.Debug|Any CPU.ActiveCfg = Debug|x86
		{B71973C8-7ECF-4521-9357-6838E3D296B6}.Debug|Mixed Platforms.ActiveCfg = Debug|x86
		{B71973C8-7ECF-4521-9357-6838E3D296B6}.Debug|Mixed Platforms.Build.0 = Debug|x86
		{B71973C8-7ECF-4521-9357-6838E3D296B6}.Debug|x86.ActiveCfg = Debug|x86
		{B71973C8-7ECF-4521-9357-6838E3D296B6}.Debug|x86.Build.0 = Debug|x86
		{B71973C8-7ECF-4521-9357-6838E3D296B6}.Release|Any CPU.ActiveCfg = Release|x86
		{B71973C8-7ECF-4521-9357-6838E3D296B6}.Release|Mixed Platforms.ActiveCfg = Release|x86
		{B71973C8-7ECF-4521-9357-6838E3D296B6}.Release|Mixed Platforms.Build.0 = Release|x86
		{B71973C8-7ECF-4521-9357-6838E3D296B6}.Release|x86.ActiveCfg = Release|x86
		{B71973C8-7ECF-4521-9357-6838E3D296B6}.Release|x86.Build.0 = Release|x86
	EndGlobalSection
	GlobalSection(SolutionProperties) = preSolution
		HideSolutionNode = FALSE
	EndGlobalSection
	GlobalSection(NestedProjects) = preSolution
		{C8E9D4D7-4473-4DF9-8754-F25AB3BA7848} = {331EDB1B-ABDE-4653-AAB9-E2D5ACEF21A6}
		{8D3D9933-BD77-424D-BD81-843B7AAC3C56} = {331EDB1B-ABDE-4653-AAB9-E2D5ACEF21A6}
		{C235CFFC-C85E-4068-BFC0-EBB40A8E95D5} = {C8E9D4D7-4473-4DF9-8754-F25AB3BA7848}
		{5B11C7E2-C0EA-42C2-9DE5-8C732DD5A0E4} = {C8E9D4D7-4473-4DF9-8754-F25AB3BA7848}
		{CB1E2DDF-F1E2-4A73-AF64-AC48BAE2AD87} = {CCCB4916-F055-4454-B433-11711048E9FE}
		{4C9A3B14-A1C2-4A7C-AD77-03DD944A8868} = {CCCB4916-F055-4454-B433-11711048E9FE}
		{2608697E-6464-4B5B-99A3-3234A6706EE2} = {4C9A3B14-A1C2-4A7C-AD77-03DD944A8868}
		{B71973C8-7ECF-4521-9357-6838E3D296B6} = {4C9A3B14-A1C2-4A7C-AD77-03DD944A8868}
	EndGlobalSection
EndGlobal
